
Microsoft Visual Studio Solution File, Format Version 12.00
# Visual Studio Version 17
VisualStudioVersion = 17.6.33829.357
MinimumVisualStudioVersion = 10.0.40219.1
Project("{FAE04EC0-301F-11D3-BF4B-00C04F79EFBC}") = "PortListener", "PortListener\PortListener.csproj", "{7EA388E9-C1D2-4795-8E04-F87D4C3CC0B8}"
EndProject
Global
	GlobalSection(SolutionConfigurationPlatforms) = preSolution
		Debug|Any CPU = Debug|Any CPU
		Release|Any CPU = Release|Any CPU
	EndGlobalSection
	GlobalSection(ProjectConfigurationPlatforms) = postSolution
		{7EA388E9-C1D2-4795-8E04-F87D4C3CC0B8}.Debug|Any CPU.ActiveCfg = Debug|Any CPU
		{7EA388E9-C1D2-4795-8E04-F87D4C3CC0B8}.Debug|Any CPU.Build.0 = Debug|Any CPU
		{7EA388E9-C1D2-4795-8E04-F87D4C3CC0B8}.Release|Any CPU.ActiveCfg = Release|Any CPU
		{7EA388E9-C1D2-4795-8E04-F87D4C3CC0B8}.Release|Any CPU.Build.0 = Release|Any CPU
	EndGlobalSection
	GlobalSection(SolutionProperties) = preSolution
		HideSolutionNode = FALSE
	EndGlobalSection
	GlobalSection(ExtensibilityGlobals) = postSolution
		SolutionGuid = {7187CC76-D087-4E3D-8DFF-F047646F00B6}
	EndGlobalSection
EndGlobal
